// !$*UTF8*$!
{
	archiveVersion = 1;
	classes = {
	};
	objectVersion = 48;
	objects = {

/* Begin PBXBuildFile section */
		040C3C0D1FC9217D008DD774 /* AppDelegate.swift in Sources */ = {isa = PBXBuildFile; fileRef = 040C3C0C1FC9217D008DD774 /* AppDelegate.swift */; };
		040C3C0F1FC9217D008DD774 /* ViewController.swift in Sources */ = {isa = PBXBuildFile; fileRef = 040C3C0E1FC9217D008DD774 /* ViewController.swift */; };
		040C3C121FC9217D008DD774 /* Main.storyboard in Resources */ = {isa = PBXBuildFile; fileRef = 040C3C101FC9217D008DD774 /* Main.storyboard */; };
		040C3C151FC9217D008DD774 /* any.xcdatamodeld in Sources */ = {isa = PBXBuildFile; fileRef = 040C3C131FC9217D008DD774 /* any.xcdatamodeld */; };
		040C3C171FC9217D008DD774 /* Assets.xcassets in Resources */ = {isa = PBXBuildFile; fileRef = 040C3C161FC9217D008DD774 /* Assets.xcassets */; };
		040C3C1A1FC9217D008DD774 /* LaunchScreen.storyboard in Resources */ = {isa = PBXBuildFile; fileRef = 040C3C181FC9217D008DD774 /* LaunchScreen.storyboard */; };
		040C3C251FC9217D008DD774 /* anyTests.swift in Sources */ = {isa = PBXBuildFile; fileRef = 040C3C241FC9217D008DD774 /* anyTests.swift */; };
		040C3C301FC9217D008DD774 /* anyUITests.swift in Sources */ = {isa = PBXBuildFile; fileRef = 040C3C2F1FC9217D008DD774 /* anyUITests.swift */; };
/* End PBXBuildFile section */

/* Begin PBXContainerItemProxy section */
		040C3C211FC9217D008DD774 /* PBXContainerItemProxy */ = {
			isa = PBXContainerItemProxy;
			containerPortal = 040C3C011FC9217D008DD774 /* Project object */;
			proxyType = 1;
			remoteGlobalIDString = 040C3C081FC9217D008DD774;
			remoteInfo = any;
		};
		040C3C2C1FC9217D008DD774 /* PBXContainerItemProxy */ = {
			isa = PBXContainerItemProxy;
			containerPortal = 040C3C011FC9217D008DD774 /* Project object */;
			proxyType = 1;
			remoteGlobalIDString = 040C3C081FC9217D008DD774;
			remoteInfo = any;
		};
/* End PBXContainerItemProxy section */

/* Begin PBXFileReference section */
		040C3C091FC9217D008DD774 /* any.app */ = {isa = PBXFileReference; explicitFileType = wrapper.application; includeInIndex = 0; path = any.app; sourceTree = BUILT_PRODUCTS_DIR; };
		040C3C0C1FC9217D008DD774 /* AppDelegate.swift */ = {isa = PBXFileReference; lastKnownFileType = sourcecode.swift; path = AppDelegate.swift; sourceTree = "<group>"; };
		040C3C0E1FC9217D008DD774 /* ViewController.swift */ = {isa = PBXFileReference; lastKnownFileType = sourcecode.swift; path = ViewController.swift; sourceTree = "<group>"; };
		040C3C111FC9217D008DD774 /* Base */ = {isa = PBXFileReference; lastKnownFileType = file.storyboard; name = Base; path = Base.lproj/Main.storyboard; sourceTree = "<group>"; };
		040C3C141FC9217D008DD774 /* any.xcdatamodel */ = {isa = PBXFileReference; lastKnownFileType = wrapper.xcdatamodel; path = any.xcdatamodel; sourceTree = "<group>"; };
		040C3C161FC9217D008DD774 /* Assets.xcassets */ = {isa = PBXFileReference; lastKnownFileType = folder.assetcatalog; path = Assets.xcassets; sourceTree = "<group>"; };
		040C3C191FC9217D008DD774 /* Base */ = {isa = PBXFileReference; lastKnownFileType = file.storyboard; name = Base; path = Base.lproj/LaunchScreen.storyboard; sourceTree = "<group>"; };
		040C3C1B1FC9217D008DD774 /* Info.plist */ = {isa = PBXFileReference; lastKnownFileType = text.plist.xml; path = Info.plist; sourceTree = "<group>"; };
		040C3C201FC9217D008DD774 /* anyTests.xctest */ = {isa = PBXFileReference; explicitFileType = wrapper.cfbundle; includeInIndex = 0; path = anyTests.xctest; sourceTree = BUILT_PRODUCTS_DIR; };
		040C3C241FC9217D008DD774 /* anyTests.swift */ = {isa = PBXFileReference; lastKnownFileType = sourcecode.swift; path = anyTests.swift; sourceTree = "<group>"; };
		040C3C261FC9217D008DD774 /* Info.plist */ = {isa = PBXFileReference; lastKnownFileType = text.plist.xml; path = Info.plist; sourceTree = "<group>"; };
		040C3C2B1FC9217D008DD774 /* anyUITests.xctest */ = {isa = PBXFileReference; explicitFileType = wrapper.cfbundle; includeInIndex = 0; path = anyUITests.xctest; sourceTree = BUILT_PRODUCTS_DIR; };
		040C3C2F1FC9217D008DD774 /* anyUITests.swift */ = {isa = PBXFileReference; lastKnownFileType = sourcecode.swift; path = anyUITests.swift; sourceTree = "<group>"; };
		040C3C311FC9217D008DD774 /* Info.plist */ = {isa = PBXFileReference; lastKnownFileType = text.plist.xml; path = Info.plist; sourceTree = "<group>"; };
/* End PBXFileReference section */

/* Begin PBXFrameworksBuildPhase section */
		040C3C061FC9217D008DD774 /* Frameworks */ = {
			isa = PBXFrameworksBuildPhase;
			buildActionMask = 2147483647;
			files = (
			);
			runOnlyForDeploymentPostprocessing = 0;
		};
		040C3C1D1FC9217D008DD774 /* Frameworks */ = {
			isa = PBXFrameworksBuildPhase;
			buildActionMask = 2147483647;
			files = (
			);
			runOnlyForDeploymentPostprocessing = 0;
		};
		040C3C281FC9217D008DD774 /* Frameworks */ = {
			isa = PBXFrameworksBuildPhase;
			buildActionMask = 2147483647;
			files = (
			);
			runOnlyForDeploymentPostprocessing = 0;
		};
/* End PBXFrameworksBuildPhase section */

/* Begin PBXGroup section */
		040C3C001FC9217D008DD774 = {
			isa = PBXGroup;
			children = (
				040C3C0B1FC9217D008DD774 /* any */,
				040C3C231FC9217D008DD774 /* anyTests */,
				040C3C2E1FC9217D008DD774 /* anyUITests */,
				040C3C0A1FC9217D008DD774 /* Products */,
			);
			sourceTree = "<group>";
		};
		040C3C0A1FC9217D008DD774 /* Products */ = {
			isa = PBXGroup;
			children = (
				040C3C091FC9217D008DD774 /* any.app */,
				040C3C201FC9217D008DD774 /* anyTests.xctest */,
				040C3C2B1FC9217D008DD774 /* anyUITests.xctest */,
			);
			name = Products;
			sourceTree = "<group>";
		};
		040C3C0B1FC9217D008DD774 /* any */ = {
			isa = PBXGroup;
			children = (
				040C3C0C1FC9217D008DD774 /* AppDelegate.swift */,
				040C3C0E1FC9217D008DD774 /* ViewController.swift */,
				040C3C101FC9217D008DD774 /* Main.storyboard */,
				040C3C161FC9217D008DD774 /* Assets.xcassets */,
				040C3C181FC9217D008DD774 /* LaunchScreen.storyboard */,
				040C3C1B1FC9217D008DD774 /* Info.plist */,
				040C3C131FC9217D008DD774 /* any.xcdatamodeld */,
			);
			path = any;
			sourceTree = "<group>";
		};
		040C3C231FC9217D008DD774 /* anyTests */ = {
			isa = PBXGroup;
			children = (
				040C3C241FC9217D008DD774 /* anyTests.swift */,
				040C3C261FC9217D008DD774 /* Info.plist */,
			);
			path = anyTests;
			sourceTree = "<group>";
		};
		040C3C2E1FC9217D008DD774 /* anyUITests */ = {
			isa = PBXGroup;
			children = (
				040C3C2F1FC9217D008DD774 /* anyUITests.swift */,
				040C3C311FC9217D008DD774 /* Info.plist */,
			);
			path = anyUITests;
			sourceTree = "<group>";
		};
/* End PBXGroup section */

/* Begin PBXNativeTarget section */
		040C3C081FC9217D008DD774 /* any */ = {
			isa = PBXNativeTarget;
			buildConfigurationList = 040C3C341FC9217D008DD774 /* Build configuration list for PBXNativeTarget "any" */;
			buildPhases = (
				040C3C051FC9217D008DD774 /* Sources */,
				040C3C061FC9217D008DD774 /* Frameworks */,
				040C3C071FC9217D008DD774 /* Resources */,
			);
			buildRules = (
			);
			dependencies = (
			);
			name = any;
			productName = any;
			productReference = 040C3C091FC9217D008DD774 /* any.app */;
			productType = "com.apple.product-type.application";
		};
		040C3C1F1FC9217D008DD774 /* anyTests */ = {
			isa = PBXNativeTarget;
			buildConfigurationList = 040C3C371FC9217D008DD774 /* Build configuration list for PBXNativeTarget "anyTests" */;
			buildPhases = (
				040C3C1C1FC9217D008DD774 /* Sources */,
				040C3C1D1FC9217D008DD774 /* Frameworks */,
				040C3C1E1FC9217D008DD774 /* Resources */,
			);
			buildRules = (
			);
			dependencies = (
				040C3C221FC9217D008DD774 /* PBXTargetDependency */,
			);
			name = anyTests;
			productName = anyTests;
			productReference = 040C3C201FC9217D008DD774 /* anyTests.xctest */;
			productType = "com.apple.product-type.bundle.unit-test";
		};
		040C3C2A1FC9217D008DD774 /* anyUITests */ = {
			isa = PBXNativeTarget;
			buildConfigurationList = 040C3C3A1FC9217D008DD774 /* Build configuration list for PBXNativeTarget "anyUITests" */;
			buildPhases = (
				040C3C271FC9217D008DD774 /* Sources */,
				040C3C281FC9217D008DD774 /* Frameworks */,
				040C3C291FC9217D008DD774 /* Resources */,
			);
			buildRules = (
			);
			dependencies = (
				040C3C2D1FC9217D008DD774 /* PBXTargetDependency */,
			);
			name = anyUITests;
			productName = anyUITests;
			productReference = 040C3C2B1FC9217D008DD774 /* anyUITests.xctest */;
			productType = "com.apple.product-type.bundle.ui-testing";
		};
/* End PBXNativeTarget section */

/* Begin PBXProject section */
		040C3C011FC9217D008DD774 /* Project object */ = {
			isa = PBXProject;
			attributes = {
				LastSwiftUpdateCheck = 0900;
				LastUpgradeCheck = 0900;
				ORGANIZATIONNAME = jongseo;
				TargetAttributes = {
					040C3C081FC9217D008DD774 = {
						CreatedOnToolsVersion = 9.0;
						ProvisioningStyle = Automatic;
					};
					040C3C1F1FC9217D008DD774 = {
						CreatedOnToolsVersion = 9.0;
						ProvisioningStyle = Automatic;
						TestTargetID = 040C3C081FC9217D008DD774;
					};
					040C3C2A1FC9217D008DD774 = {
						CreatedOnToolsVersion = 9.0;
						ProvisioningStyle = Automatic;
						TestTargetID = 040C3C081FC9217D008DD774;
					};
				};
			};
			buildConfigurationList = 040C3C041FC9217D008DD774 /* Build configuration list for PBXProject "any" */;
			compatibilityVersion = "Xcode 8.0";
			developmentRegion = en;
			hasScannedForEncodings = 0;
			knownRegions = (
				en,
				Base,
			);
			mainGroup = 040C3C001FC9217D008DD774;
			productRefGroup = 040C3C0A1FC9217D008DD774 /* Products */;
			projectDirPath = "";
			projectRoot = "";
			targets = (
				040C3C081FC9217D008DD774 /* any */,
				040C3C1F1FC9217D008DD774 /* anyTests */,
				040C3C2A1FC9217D008DD774 /* anyUITests */,
			);
		};
/* End PBXProject section */

/* Begin PBXResourcesBuildPhase section */
		040C3C071FC9217D008DD774 /* Resources */ = {
			isa = PBXResourcesBuildPhase;
			buildActionMask = 2147483647;
			files = (
				040C3C1A1FC9217D008DD774 /* LaunchScreen.storyboard in Resources */,
				040C3C171FC9217D008DD774 /* Assets.xcassets in Resources */,
				040C3C121FC9217D008DD774 /* Main.storyboard in Resources */,
			);
			runOnlyForDeploymentPostprocessing = 0;
		};
		040C3C1E1FC9217D008DD774 /* Resources */ = {
			isa = PBXResourcesBuildPhase;
			buildActionMask = 2147483647;
			files = (
			);
			runOnlyForDeploymentPostprocessing = 0;
		};
		040C3C291FC9217D008DD774 /* Resources */ = {
			isa = PBXResourcesBuildPhase;
			buildActionMask = 2147483647;
			files = (
			);
			runOnlyForDeploymentPostprocessing = 0;
		};
/* End PBXResourcesBuildPhase section */

/* Begin PBXSourcesBuildPhase section */
		040C3C051FC9217D008DD774 /* Sources */ = {
			isa = PBXSourcesBuildPhase;
			buildActionMask = 2147483647;
			files = (
				040C3C0F1FC9217D008DD774 /* ViewController.swift in Sources */,
				040C3C151FC9217D008DD774 /* any.xcdatamodeld in Sources */,
				040C3C0D1FC9217D008DD774 /* AppDelegate.swift in Sources */,
			);
			runOnlyForDeploymentPostprocessing = 0;
		};
		040C3C1C1FC9217D008DD774 /* Sources */ = {
			isa = PBXSourcesBuildPhase;
			buildActionMask = 2147483647;
			files = (
				040C3C251FC9217D008DD774 /* anyTests.swift in Sources */,
			);
			runOnlyForDeploymentPostprocessing = 0;
		};
		040C3C271FC9217D008DD774 /* Sources */ = {
			isa = PBXSourcesBuildPhase;
			buildActionMask = 2147483647;
			files = (
				040C3C301FC9217D008DD774 /* anyUITests.swift in Sources */,
			);
			runOnlyForDeploymentPostprocessing = 0;
		};
/* End PBXSourcesBuildPhase section */

/* Begin PBXTargetDependency section */
		040C3C221FC9217D008DD774 /* PBXTargetDependency */ = {
			isa = PBXTargetDependency;
			target = 040C3C081FC9217D008DD774 /* any */;
			targetProxy = 040C3C211FC9217D008DD774 /* PBXContainerItemProxy */;
		};
		040C3C2D1FC9217D008DD774 /* PBXTargetDependency */ = {
			isa = PBXTargetDependency;
			target = 040C3C081FC9217D008DD774 /* any */;
			targetProxy = 040C3C2C1FC9217D008DD774 /* PBXContainerItemProxy */;
		};
/* End PBXTargetDependency section */

/* Begin PBXVariantGroup section */
		040C3C101FC9217D008DD774 /* Main.storyboard */ = {
			isa = PBXVariantGroup;
			children = (
				040C3C111FC9217D008DD774 /* Base */,
			);
			name = Main.storyboard;
			sourceTree = "<group>";
		};
		040C3C181FC9217D008DD774 /* LaunchScreen.storyboard */ = {
			isa = PBXVariantGroup;
			children = (
				040C3C191FC9217D008DD774 /* Base */,
			);
			name = LaunchScreen.storyboard;
			sourceTree = "<group>";
		};
/* End PBXVariantGroup section */

/* Begin XCBuildConfiguration section */
		040C3C321FC9217D008DD774 /* Debug */ = {
			isa = XCBuildConfiguration;
			buildSettings = {
				ALWAYS_SEARCH_USER_PATHS = NO;
				CLANG_ANALYZER_NONNULL = YES;
				CLANG_ANALYZER_NUMBER_OBJECT_CONVERSION = YES_AGGRESSIVE;
				CLANG_CXX_LANGUAGE_STANDARD = "gnu++14";
				CLANG_CXX_LIBRARY = "libc++";
				CLANG_ENABLE_MODULES = YES;
				CLANG_ENABLE_OBJC_ARC = YES;
				CLANG_WARN_BLOCK_CAPTURE_AUTORELEASING = YES;
				CLANG_WARN_BOOL_CONVERSION = YES;
				CLANG_WARN_COMMA = YES;
				CLANG_WARN_CONSTANT_CONVERSION = YES;
				CLANG_WARN_DIRECT_OBJC_ISA_USAGE = YES_ERROR;
				CLANG_WARN_DOCUMENTATION_COMMENTS = YES;
				CLANG_WARN_EMPTY_BODY = YES;
				CLANG_WARN_ENUM_CONVERSION = YES;
				CLANG_WARN_INFINITE_RECURSION = YES;
				CLANG_WARN_INT_CONVERSION = YES;
				CLANG_WARN_NON_LITERAL_NULL_CONVERSION = YES;
				CLANG_WARN_OBJC_LITERAL_CONVERSION = YES;
				CLANG_WARN_OBJC_ROOT_CLASS = YES_ERROR;
				CLANG_WARN_RANGE_LOOP_ANALYSIS = YES;
				CLANG_WARN_STRICT_PROTOTYPES = YES;
				CLANG_WARN_SUSPICIOUS_MOVE = YES;
				CLANG_WARN_UNGUARDED_AVAILABILITY = YES_AGGRESSIVE;
				CLANG_WARN_UNREACHABLE_CODE = YES;
				CLANG_WARN__DUPLICATE_METHOD_MATCH = YES;
				CODE_SIGN_IDENTITY = "iPhone Developer";
				COPY_PHASE_STRIP = NO;
				DEBUG_INFORMATION_FORMAT = dwarf;
				ENABLE_STRICT_OBJC_MSGSEND = YES;
				ENABLE_TESTABILITY = YES;
				GCC_C_LANGUAGE_STANDARD = gnu11;
				GCC_DYNAMIC_NO_PIC = NO;
				GCC_NO_COMMON_BLOCKS = YES;
				GCC_OPTIMIZATION_LEVEL = 0;
				GCC_PREPROCESSOR_DEFINITIONS = (
					"DEBUG=1",
					"$(inherited)",
				);
				GCC_WARN_64_TO_32_BIT_CONVERSION = YES;
				GCC_WARN_ABOUT_RETURN_TYPE = YES_ERROR;
				GCC_WARN_UNDECLARED_SELECTOR = YES;
				GCC_WARN_UNINITIALIZED_AUTOS = YES_AGGRESSIVE;
				GCC_WARN_UNUSED_FUNCTION = YES;
				GCC_WARN_UNUSED_VARIABLE = YES;
				IPHONEOS_DEPLOYMENT_TARGET = 11.0;
				MTL_ENABLE_DEBUG_INFO = YES;
				ONLY_ACTIVE_ARCH = YES;
				SDKROOT = iphoneos;
				SWIFT_ACTIVE_COMPILATION_CONDITIONS = DEBUG;
				SWIFT_OPTIMIZATION_LEVEL = "-Onone";
			};
			name = Debug;
		};
		040C3C331FC9217D008DD774 /* Release */ = {
			isa = XCBuildConfiguration;
			buildSettings = {
				ALWAYS_SEARCH_USER_PATHS = NO;
				CLANG_ANALYZER_NONNULL = YES;
				CLANG_ANALYZER_NUMBER_OBJECT_CONVERSION = YES_AGGRESSIVE;
				CLANG_CXX_LANGUAGE_STANDARD = "gnu++14";
				CLANG_CXX_LIBRARY = "libc++";
				CLANG_ENABLE_MODULES = YES;
				CLANG_ENABLE_OBJC_ARC = YES;
				CLANG_WARN_BLOCK_CAPTURE_AUTORELEASING = YES;
				CLANG_WARN_BOOL_CONVERSION = YES;
				CLANG_WARN_COMMA = YES;
				CLANG_WARN_CONSTANT_CONVERSION = YES;
				CLANG_WARN_DIRECT_OBJC_ISA_USAGE = YES_ERROR;
				CLANG_WARN_DOCUMENTATION_COMMENTS = YES;
				CLANG_WARN_EMPTY_BODY = YES;
				CLANG_WARN_ENUM_CONVERSION = YES;
				CLANG_WARN_INFINITE_RECURSION = YES;
				CLANG_WARN_INT_CONVERSION = YES;
				CLANG_WARN_NON_LITERAL_NULL_CONVERSION = YES;
				CLANG_WARN_OBJC_LITERAL_CONVERSION = YES;
				CLANG_WARN_OBJC_ROOT_CLASS = YES_ERROR;
				CLANG_WARN_RANGE_LOOP_ANALYSIS = YES;
				CLANG_WARN_STRICT_PROTOTYPES = YES;
				CLANG_WARN_SUSPICIOUS_MOVE = YES;
				CLANG_WARN_UNGUARDED_AVAILABILITY = YES_AGGRESSIVE;
				CLANG_WARN_UNREACHABLE_CODE = YES;
				CLANG_WARN__DUPLICATE_METHOD_MATCH = YES;
				CODE_SIGN_IDENTITY = "iPhone Developer";
				COPY_PHASE_STRIP = NO;
				DEBUG_INFORMATION_FORMAT = "dwarf-with-dsym";
				ENABLE_NS_ASSERTIONS = NO;
				ENABLE_STRICT_OBJC_MSGSEND = YES;
				GCC_C_LANGUAGE_STANDARD = gnu11;
				GCC_NO_COMMON_BLOCKS = YES;
				GCC_WARN_64_TO_32_BIT_CONVERSION = YES;
				GCC_WARN_ABOUT_RETURN_TYPE = YES_ERROR;
				GCC_WARN_UNDECLARED_SELECTOR = YES;
				GCC_WARN_UNINITIALIZED_AUTOS = YES_AGGRESSIVE;
				GCC_WARN_UNUSED_FUNCTION = YES;
				GCC_WARN_UNUSED_VARIABLE = YES;
				IPHONEOS_DEPLOYMENT_TARGET = 11.0;
				MTL_ENABLE_DEBUG_INFO = NO;
				SDKROOT = iphoneos;
				SWIFT_OPTIMIZATION_LEVEL = "-Owholemodule";
				VALIDATE_PRODUCT = YES;
			};
			name = Release;
		};
		040C3C351FC9217D008DD774 /* Debug */ = {
			isa = XCBuildConfiguration;
			buildSettings = {
				ASSETCATALOG_COMPILER_APPICON_NAME = AppIcon;
				CODE_SIGN_STYLE = Automatic;
				DEVELOPMENT_TEAM = QF66BM9SJ8;
				INFOPLIST_FILE = any/Info.plist;
				LD_RUNPATH_SEARCH_PATHS = "$(inherited) @executable_path/Frameworks";
				PRODUCT_BUNDLE_IDENTIFIER = com.jongseoyoon.www.any;
				PRODUCT_NAME = "$(TARGET_NAME)";
				SWIFT_VERSION = 4.0;
				TARGETED_DEVICE_FAMILY = "1,2";
			};
			name = Debug;
		};
		040C3C361FC9217D008DD774 /* Release */ = {
			isa = XCBuildConfiguration;
			buildSettings = {
				ASSETCATALOG_COMPILER_APPICON_NAME = AppIcon;
				CODE_SIGN_STYLE = Automatic;
				DEVELOPMENT_TEAM = QF66BM9SJ8;
				INFOPLIST_FILE = any/Info.plist;
				LD_RUNPATH_SEARCH_PATHS = "$(inherited) @executable_path/Frameworks";
				PRODUCT_BUNDLE_IDENTIFIER = com.jongseoyoon.www.any;
				PRODUCT_NAME = "$(TARGET_NAME)";
				SWIFT_VERSION = 4.0;
				TARGETED_DEVICE_FAMILY = "1,2";
			};
			name = Release;
		};
		040C3C381FC9217D008DD774 /* Debug */ = {
			isa = XCBuildConfiguration;
			buildSettings = {
				ALWAYS_EMBED_SWIFT_STANDARD_LIBRARIES = YES;
				BUNDLE_LOADER = "$(TEST_HOST)";
				CODE_SIGN_STYLE = Automatic;
				DEVELOPMENT_TEAM = QF66BM9SJ8;
				INFOPLIST_FILE = anyTests/Info.plist;
				LD_RUNPATH_SEARCH_PATHS = "$(inherited) @executable_path/Frameworks @loader_path/Frameworks";
				PRODUCT_BUNDLE_IDENTIFIER = com.jongseoyoon.www.anyTests;
				PRODUCT_NAME = "$(TARGET_NAME)";
				SWIFT_VERSION = 4.0;
				TARGETED_DEVICE_FAMILY = "1,2";
				TEST_HOST = "$(BUILT_PRODUCTS_DIR)/any.app/any";
			};
			name = Debug;
		};
		040C3C391FC9217D008DD774 /* Release */ = {
			isa = XCBuildConfiguration;
			buildSettings = {
				ALWAYS_EMBED_SWIFT_STANDARD_LIBRARIES = YES;
				BUNDLE_LOADER = "$(TEST_HOST)";
				CODE_SIGN_STYLE = Automatic;
				DEVELOPMENT_TEAM = QF66BM9SJ8;
				INFOPLIST_FILE = anyTests/Info.plist;
				LD_RUNPATH_SEARCH_PATHS = "$(inherited) @executable_path/Frameworks @loader_path/Frameworks";
				PRODUCT_BUNDLE_IDENTIFIER = com.jongseoyoon.www.anyTests;
				PRODUCT_NAME = "$(TARGET_NAME)";
				SWIFT_VERSION = 4.0;
				TARGETED_DEVICE_FAMILY = "1,2";
				TEST_HOST = "$(BUILT_PRODUCTS_DIR)/any.app/any";
			};
			name = Release;
		};
		040C3C3B1FC9217D008DD774 /* Debug */ = {
			isa = XCBuildConfiguration;
			buildSettings = {
				ALWAYS_EMBED_SWIFT_STANDARD_LIBRARIES = YES;
				CODE_SIGN_STYLE = Automatic;
				DEVELOPMENT_TEAM = QF66BM9SJ8;
				INFOPLIST_FILE = anyUITests/Info.plist;
				LD_RUNPATH_SEARCH_PATHS = "$(inherited) @executable_path/Frameworks @loader_path/Frameworks";
				PRODUCT_BUNDLE_IDENTIFIER = com.jongseoyoon.www.anyUITests;
				PRODUCT_NAME = "$(TARGET_NAME)";
				SWIFT_VERSION = 4.0;
				TARGETED_DEVICE_FAMILY = "1,2";
				TEST_TARGET_NAME = any;
			};
			name = Debug;
		};
		040C3C3C1FC9217D008DD774 /* Release */ = {
			isa = XCBuildConfiguration;
			buildSettings = {
				ALWAYS_EMBED_SWIFT_STANDARD_LIBRARIES = YES;
				CODE_SIGN_STYLE = Automatic;
				DEVELOPMENT_TEAM = QF66BM9SJ8;
				INFOPLIST_FILE = anyUITests/Info.plist;
				LD_RUNPATH_SEARCH_PATHS = "$(inherited) @executable_path/Frameworks @loader_path/Frameworks";
				PRODUCT_BUNDLE_IDENTIFIER = com.jongseoyoon.www.anyUITests;
				PRODUCT_NAME = "$(TARGET_NAME)";
				SWIFT_VERSION = 4.0;
				TARGETED_DEVICE_FAMILY = "1,2";
				TEST_TARGET_NAME = any;
			};
			name = Release;
		};
/* End XCBuildConfiguration section */

/* Begin XCConfigurationList section */
		040C3C041FC9217D008DD774 /* Build configuration list for PBXProject "any" */ = {
			isa = XCConfigurationList;
			buildConfigurations = (
				040C3C321FC9217D008DD774 /* Debug */,
				040C3C331FC9217D008DD774 /* Release */,
			);
			defaultConfigurationIsVisible = 0;
			defaultConfigurationName = Release;
		};
		040C3C341FC9217D008DD774 /* Build configuration list for PBXNativeTarget "any" */ = {
			isa = XCConfigurationList;
			buildConfigurations = (
				040C3C351FC9217D008DD774 /* Debug */,
				040C3C361FC9217D008DD774 /* Release */,
			);
			defaultConfigurationIsVisible = 0;
			defaultConfigurationName = Release;
		};
		040C3C371FC9217D008DD774 /* Build configuration list for PBXNativeTarget "anyTests" */ = {
			isa = XCConfigurationList;
			buildConfigurations = (
				040C3C381FC9217D008DD774 /* Debug */,
				040C3C391FC9217D008DD774 /* Release */,
			);
			defaultConfigurationIsVisible = 0;
			defaultConfigurationName = Release;
		};
		040C3C3A1FC9217D008DD774 /* Build configuration list for PBXNativeTarget "anyUITests" */ = {
			isa = XCConfigurationList;
			buildConfigurations = (
				040C3C3B1FC9217D008DD774 /* Debug */,
				040C3C3C1FC9217D008DD774 /* Release */,
			);
			defaultConfigurationIsVisible = 0;
			defaultConfigurationName = Release;
		};
/* End XCConfigurationList section */

/* Begin XCVersionGroup section */
		040C3C131FC9217D008DD774 /* any.xcdatamodeld */ = {
			isa = XCVersionGroup;
			children = (
				040C3C141FC9217D008DD774 /* any.xcdatamodel */,
			);
			currentVersion = 040C3C141FC9217D008DD774 /* any.xcdatamodel */;
			path = any.xcdatamodeld;
			sourceTree = "<group>";
			versionGroupType = wrapper.xcdatamodel;
		};
/* End XCVersionGroup section */
	};
	rootObject = 040C3C011FC9217D008DD774 /* Project object */;
}
